{
    "version": 3,
    "terraform_version": "0.11.13",
    "serial": 16,
    "lineage": "280324c3-37b9-de62-7d44-1ad650c2bd23",
    "modules": [
        {
            "path": [
                "root"
            ],
            "outputs": {},
            "resources": {
                "google_compute_address.internal_client": {
                    "type": "google_compute_address",
                    "depends_on": [
                        "google_compute_subnetwork.net_101"
                    ],
                    "primary": {
                        "id": "client-gcp/us-central1/internal-client",
                        "attributes": {
                            "address": "192.168.101.110",
                            "address_type": "INTERNAL",
                            "creation_timestamp": "2019-06-24T11:56:02.219-07:00",
                            "description": "",
                            "id": "client-gcp/us-central1/internal-client",
                            "name": "internal-client",
                            "network_tier": "",
                            "project": "client-gcp",
                            "region": "us-central1",
                            "self_link": "https://www.googleapis.com/compute/v1/projects/client-gcp/regions/us-central1/addresses/internal-client",
                            "subnetwork": "https://www.googleapis.com/compute/v1/projects/client-gcp/regions/us-central1/subnetworks/net-101",
                            "users.#": "0"
                        },
                        "meta": {
                            "e2bfb730-ecaa-11e6-8f88-34363bc7c4c0": {
                                "create": 240000000000,
                                "delete": 240000000000
                            }
                        },
                        "tainted": false
                    },
                    "deposed": [],
                    "provider": "provider.google"
                },
                "google_compute_address.jump_server": {
                    "type": "google_compute_address",
                    "depends_on": [
                        "google_compute_subnetwork.net_102"
                    ],
                    "primary": {
                        "id": "client-gcp/us-central1/jump-server",
                        "attributes": {
                            "address": "192.168.102.103",
                            "address_type": "INTERNAL",
                            "creation_timestamp": "2019-06-24T11:56:04.729-07:00",
                            "description": "",
                            "id": "client-gcp/us-central1/jump-server",
                            "name": "jump-server",
                            "network_tier": "",
                            "project": "client-gcp",
                            "region": "us-central1",
                            "self_link": "https://www.googleapis.com/compute/v1/projects/client-gcp/regions/us-central1/addresses/jump-server",
                            "subnetwork": "https://www.googleapis.com/compute/v1/projects/client-gcp/regions/us-central1/subnetworks/net-102",
                            "users.#": "0"
                        },
                        "meta": {
                            "e2bfb730-ecaa-11e6-8f88-34363bc7c4c0": {
                                "create": 240000000000,
                                "delete": 240000000000
                            }
                        },
                        "tainted": false
                    },
                    "deposed": [],
                    "provider": "provider.google"
                },
                "google_compute_address.kali": {
                    "type": "google_compute_address",
                    "depends_on": [
                        "google_compute_subnetwork.net_103"
                    ],
                    "primary": {
                        "id": "client-gcp/us-central1/kali",
                        "attributes": {
                            "address": "192.168.103.150",
                            "address_type": "INTERNAL",
                            "creation_timestamp": "2019-06-24T11:55:51.832-07:00",
                            "description": "",
                            "id": "client-gcp/us-central1/kali",
                            "name": "kali",
                            "network_tier": "",
                            "project": "client-gcp",
                            "region": "us-central1",
                            "self_link": "https://www.googleapis.com/compute/v1/projects/client-gcp/regions/us-central1/addresses/kali",
                            "subnetwork": "https://www.googleapis.com/compute/v1/projects/client-gcp/regions/us-central1/subnetworks/net-103",
                            "users.#": "0"
                        },
                        "meta": {
                            "e2bfb730-ecaa-11e6-8f88-34363bc7c4c0": {
                                "create": 240000000000,
                                "delete": 240000000000
                            }
                        },
                        "tainted": false
                    },
                    "deposed": [],
                    "provider": "provider.google"
                },
                "google_compute_firewall.vpc_101": {
                    "type": "google_compute_firewall",
                    "depends_on": [
                        "google_compute_network.vpc_101"
                    ],
                    "primary": {
                        "id": "vpc-101",
                        "attributes": {
                            "allow.#": "1",
                            "allow.1870923232.ports.#": "0",
                            "allow.1870923232.protocol": "all",
                            "creation_timestamp": "2019-06-24T11:55:33.408-07:00",
                            "deny.#": "0",
                            "description": "",
                            "destination_ranges.#": "0",
                            "direction": "INGRESS",
                            "disabled": "false",
                            "id": "vpc-101",
                            "name": "vpc-101",
                            "network": "https://www.googleapis.com/compute/v1/projects/client-gcp/global/networks/vpc-101",
                            "priority": "1000",
                            "project": "client-gcp",
                            "self_link": "https://www.googleapis.com/compute/v1/projects/client-gcp/global/firewalls/vpc-101",
                            "source_ranges.#": "1",
                            "source_ranges.1080289494": "0.0.0.0/0",
                            "source_service_accounts.#": "0",
                            "source_tags.#": "0",
                            "target_service_accounts.#": "0",
                            "target_tags.#": "0"
                        },
                        "meta": {
                            "e2bfb730-ecaa-11e6-8f88-34363bc7c4c0": {
                                "create": 240000000000,
                                "delete": 240000000000,
                                "update": 240000000000
                            },
                            "schema_version": "1"
                        },
                        "tainted": false
                    },
                    "deposed": [],
                    "provider": "provider.google"
                },
                "google_compute_firewall.vpc_102": {
                    "type": "google_compute_firewall",
                    "depends_on": [
                        "google_compute_network.vpc_102"
                    ],
                    "primary": {
                        "id": "vpc-102",
                        "attributes": {
                            "allow.#": "1",
                            "allow.1870923232.ports.#": "0",
                            "allow.1870923232.protocol": "all",
                            "creation_timestamp": "2019-06-24T11:55:33.503-07:00",
                            "deny.#": "0",
                            "description": "",
                            "destination_ranges.#": "0",
                            "direction": "INGRESS",
                            "disabled": "false",
                            "id": "vpc-102",
                            "name": "vpc-102",
                            "network": "https://www.googleapis.com/compute/v1/projects/client-gcp/global/networks/vpc-102",
                            "priority": "1000",
                            "project": "client-gcp",
                            "self_link": "https://www.googleapis.com/compute/v1/projects/client-gcp/global/firewalls/vpc-102",
                            "source_ranges.#": "1",
                            "source_ranges.1080289494": "0.0.0.0/0",
                            "source_service_accounts.#": "0",
                            "source_tags.#": "0",
                            "target_service_accounts.#": "0",
                            "target_tags.#": "0"
                        },
                        "meta": {
                            "e2bfb730-ecaa-11e6-8f88-34363bc7c4c0": {
                                "create": 240000000000,
                                "delete": 240000000000,
                                "update": 240000000000
                            },
                            "schema_version": "1"
                        },
                        "tainted": false
                    },
                    "deposed": [],
                    "provider": "provider.google"
                },
                "google_compute_firewall.vpc_103": {
                    "type": "google_compute_firewall",
                    "depends_on": [
                        "google_compute_network.vpc_103"
                    ],
                    "primary": {
                        "id": "vpc-103",
                        "attributes": {
                            "allow.#": "1",
                            "allow.1870923232.ports.#": "0",
                            "allow.1870923232.protocol": "all",
                            "creation_timestamp": "2019-06-24T11:55:33.568-07:00",
                            "deny.#": "0",
                            "description": "",
                            "destination_ranges.#": "0",
                            "direction": "INGRESS",
                            "disabled": "false",
                            "id": "vpc-103",
                            "name": "vpc-103",
                            "network": "https://www.googleapis.com/compute/v1/projects/client-gcp/global/networks/vpc-103",
                            "priority": "1000",
                            "project": "client-gcp",
                            "self_link": "https://www.googleapis.com/compute/v1/projects/client-gcp/global/firewalls/vpc-103",
                            "source_ranges.#": "1",
                            "source_ranges.1080289494": "0.0.0.0/0",
                            "source_service_accounts.#": "0",
                            "source_tags.#": "0",
                            "target_service_accounts.#": "0",
                            "target_tags.#": "0"
                        },
                        "meta": {
                            "e2bfb730-ecaa-11e6-8f88-34363bc7c4c0": {
                                "create": 240000000000,
                                "delete": 240000000000,
                                "update": 240000000000
                            },
                            "schema_version": "1"
                        },
                        "tainted": false
                    },
                    "deposed": [],
                    "provider": "provider.google"
                },
                "google_compute_instance.vpc_101": {
                    "type": "google_compute_instance",
                    "depends_on": [
                        "google_compute_address.internal_client",
                        "google_compute_subnetwork.net_101"
                    ],
                    "primary": {
                        "id": "vpc-101",
                        "attributes": {
                            "attached_disk.#": "0",
                            "boot_disk.#": "1",
                            "boot_disk.0.auto_delete": "true",
                            "boot_disk.0.device_name": "persistent-disk-0",
                            "boot_disk.0.disk_encryption_key_raw": "",
                            "boot_disk.0.disk_encryption_key_sha256": "",
                            "boot_disk.0.initialize_params.#": "1",
                            "boot_disk.0.initialize_params.0.image": "https://www.googleapis.com/compute/v1/projects/debian-cloud/global/images/debian-9-stretch-v20190618",
                            "boot_disk.0.initialize_params.0.size": "10",
                            "boot_disk.0.initialize_params.0.type": "pd-standard",
                            "boot_disk.0.source": "https://www.googleapis.com/compute/v1/projects/client-gcp/zones/us-central1-c/disks/vpc-101",
                            "can_ip_forward": "false",
                            "cpu_platform": "Intel Haswell",
                            "deletion_protection": "false",
                            "guest_accelerator.#": "0",
                            "hostname": "",
                            "id": "vpc-101",
                            "instance_id": "3305227007226061351",
                            "label_fingerprint": "42WmSpB8rSM=",
                            "labels.%": "0",
                            "machine_type": "custom-6-65536-ext",
                            "metadata.%": "0",
                            "metadata_fingerprint": "fP2kt8gTuRo=",
                            "metadata_startup_script": "",
                            "min_cpu_platform": "",
                            "name": "vpc-101",
                            "network_interface.#": "1",
                            "network_interface.0.access_config.#": "1",
                            "network_interface.0.access_config.0.assigned_nat_ip": "",
                            "network_interface.0.access_config.0.nat_ip": "35.226.113.118",
                            "network_interface.0.access_config.0.network_tier": "PREMIUM",
                            "network_interface.0.access_config.0.public_ptr_domain_name": "",
                            "network_interface.0.address": "",
                            "network_interface.0.alias_ip_range.#": "0",
                            "network_interface.0.name": "nic0",
                            "network_interface.0.network": "https://www.googleapis.com/compute/v1/projects/client-gcp/global/networks/vpc-101",
                            "network_interface.0.network_ip": "192.168.101.110",
                            "network_interface.0.subnetwork": "https://www.googleapis.com/compute/v1/projects/client-gcp/regions/us-central1/subnetworks/net-101",
                            "network_interface.0.subnetwork_project": "client-gcp",
                            "project": "client-gcp",
                            "scheduling.#": "1",
                            "scheduling.0.automatic_restart": "true",
                            "scheduling.0.on_host_maintenance": "MIGRATE",
                            "scheduling.0.preemptible": "false",
                            "scratch_disk.#": "0",
                            "self_link": "https://www.googleapis.com/compute/v1/projects/client-gcp/zones/us-central1-c/instances/vpc-101",
                            "service_account.#": "0",
                            "tags.#": "0",
                            "tags_fingerprint": "42WmSpB8rSM=",
                            "zone": "us-central1-c"
                        },
                        "meta": {
                            "e2bfb730-ecaa-11e6-8f88-34363bc7c4c0": {
                                "create": 360000000000,
                                "delete": 360000000000,
                                "update": 360000000000
                            },
                            "schema_version": "6"
                        },
                        "tainted": false
                    },
                    "deposed": [],
                    "provider": "provider.google"
                },
                "google_compute_instance.vpc_102": {
                    "type": "google_compute_instance",
                    "depends_on": [
                        "google_compute_address.jump_server",
                        "google_compute_subnetwork.net_102"
                    ],
                    "primary": {
                        "id": "vpc-102",
                        "attributes": {
                            "attached_disk.#": "0",
                            "boot_disk.#": "1",
                            "boot_disk.0.auto_delete": "true",
                            "boot_disk.0.device_name": "persistent-disk-0",
                            "boot_disk.0.disk_encryption_key_raw": "",
                            "boot_disk.0.disk_encryption_key_sha256": "",
                            "boot_disk.0.initialize_params.#": "1",
                            "boot_disk.0.initialize_params.0.image": "https://www.googleapis.com/compute/v1/projects/debian-cloud/global/images/debian-9-stretch-v20190618",
                            "boot_disk.0.initialize_params.0.size": "10",
                            "boot_disk.0.initialize_params.0.type": "pd-standard",
                            "boot_disk.0.source": "https://www.googleapis.com/compute/v1/projects/client-gcp/zones/us-central1-c/disks/vpc-102",
                            "can_ip_forward": "false",
                            "cpu_platform": "Intel Haswell",
                            "deletion_protection": "false",
                            "guest_accelerator.#": "0",
                            "hostname": "",
                            "id": "vpc-102",
                            "instance_id": "5541984849008304676",
                            "label_fingerprint": "42WmSpB8rSM=",
                            "labels.%": "0",
                            "machine_type": "custom-6-65536-ext",
                            "metadata.%": "0",
                            "metadata_fingerprint": "fP2kt8gTuRo=",
                            "metadata_startup_script": "",
                            "min_cpu_platform": "",
                            "name": "vpc-102",
                            "network_interface.#": "1",
                            "network_interface.0.access_config.#": "1",
                            "network_interface.0.access_config.0.assigned_nat_ip": "",
                            "network_interface.0.access_config.0.nat_ip": "35.202.173.101",
                            "network_interface.0.access_config.0.network_tier": "PREMIUM",
                            "network_interface.0.access_config.0.public_ptr_domain_name": "",
                            "network_interface.0.address": "",
                            "network_interface.0.alias_ip_range.#": "0",
                            "network_interface.0.name": "nic0",
                            "network_interface.0.network": "https://www.googleapis.com/compute/v1/projects/client-gcp/global/networks/vpc-102",
                            "network_interface.0.network_ip": "192.168.102.103",
                            "network_interface.0.subnetwork": "https://www.googleapis.com/compute/v1/projects/client-gcp/regions/us-central1/subnetworks/net-102",
                            "network_interface.0.subnetwork_project": "client-gcp",
                            "project": "client-gcp",
                            "scheduling.#": "1",
                            "scheduling.0.automatic_restart": "true",
                            "scheduling.0.on_host_maintenance": "MIGRATE",
                            "scheduling.0.preemptible": "false",
                            "scratch_disk.#": "0",
                            "self_link": "https://www.googleapis.com/compute/v1/projects/client-gcp/zones/us-central1-c/instances/vpc-102",
                            "service_account.#": "0",
                            "tags.#": "0",
                            "tags_fingerprint": "42WmSpB8rSM=",
                            "zone": "us-central1-c"
                        },
                        "meta": {
                            "e2bfb730-ecaa-11e6-8f88-34363bc7c4c0": {
                                "create": 360000000000,
                                "delete": 360000000000,
                                "update": 360000000000
                            },
                            "schema_version": "6"
                        },
                        "tainted": false
                    },
                    "deposed": [],
                    "provider": "provider.google"
                },
                "google_compute_instance.vpc_103": {
                    "type": "google_compute_instance",
                    "depends_on": [
                        "google_compute_address.kali",
                        "google_compute_subnetwork.net_103"
                    ],
                    "primary": {
                        "id": "vpc-103",
                        "attributes": {
                            "attached_disk.#": "0",
                            "boot_disk.#": "1",
                            "boot_disk.0.auto_delete": "true",
                            "boot_disk.0.device_name": "persistent-disk-0",
                            "boot_disk.0.disk_encryption_key_raw": "",
                            "boot_disk.0.disk_encryption_key_sha256": "",
                            "boot_disk.0.initialize_params.#": "1",
                            "boot_disk.0.initialize_params.0.image": "https://www.googleapis.com/compute/v1/projects/debian-cloud/global/images/debian-9-stretch-v20190618",
                            "boot_disk.0.initialize_params.0.size": "10",
                            "boot_disk.0.initialize_params.0.type": "pd-standard",
                            "boot_disk.0.source": "https://www.googleapis.com/compute/v1/projects/client-gcp/zones/us-central1-c/disks/vpc-103",
                            "can_ip_forward": "false",
                            "cpu_platform": "Intel Haswell",
                            "deletion_protection": "false",
                            "guest_accelerator.#": "0",
                            "hostname": "",
                            "id": "vpc-103",
                            "instance_id": "5853927769666003537",
                            "label_fingerprint": "42WmSpB8rSM=",
                            "labels.%": "0",
                            "machine_type": "f1-micro",
                            "metadata.%": "0",
                            "metadata_fingerprint": "fP2kt8gTuRo=",
                            "metadata_startup_script": "",
                            "min_cpu_platform": "",
                            "name": "vpc-103",
                            "network_interface.#": "1",
                            "network_interface.0.access_config.#": "1",
                            "network_interface.0.access_config.0.assigned_nat_ip": "",
                            "network_interface.0.access_config.0.nat_ip": "34.67.141.156",
                            "network_interface.0.access_config.0.network_tier": "PREMIUM",
                            "network_interface.0.access_config.0.public_ptr_domain_name": "",
                            "network_interface.0.address": "",
                            "network_interface.0.alias_ip_range.#": "0",
                            "network_interface.0.name": "nic0",
                            "network_interface.0.network": "https://www.googleapis.com/compute/v1/projects/client-gcp/global/networks/vpc-103",
                            "network_interface.0.network_ip": "192.168.103.150",
                            "network_interface.0.subnetwork": "https://www.googleapis.com/compute/v1/projects/client-gcp/regions/us-central1/subnetworks/net-103",
                            "network_interface.0.subnetwork_project": "client-gcp",
                            "project": "client-gcp",
                            "scheduling.#": "1",
                            "scheduling.0.automatic_restart": "true",
                            "scheduling.0.on_host_maintenance": "MIGRATE",
                            "scheduling.0.preemptible": "false",
                            "scratch_disk.#": "0",
                            "self_link": "https://www.googleapis.com/compute/v1/projects/client-gcp/zones/us-central1-c/instances/vpc-103",
                            "service_account.#": "0",
                            "tags.#": "0",
                            "tags_fingerprint": "42WmSpB8rSM=",
                            "zone": "us-central1-c"
                        },
                        "meta": {
                            "e2bfb730-ecaa-11e6-8f88-34363bc7c4c0": {
                                "create": 360000000000,
                                "delete": 360000000000,
                                "update": 360000000000
                            },
                            "schema_version": "6"
                        },
                        "tainted": false
                    },
                    "deposed": [],
                    "provider": "provider.google"
                },
                "google_compute_network.vpc_101": {
                    "type": "google_compute_network",
                    "depends_on": [],
                    "primary": {
                        "id": "vpc-101",
                        "attributes": {
                            "auto_create_subnetworks": "false",
                            "delete_default_routes_on_create": "false",
                            "description": "",
                            "gateway_ipv4": "",
                            "id": "vpc-101",
                            "ipv4_range": "",
                            "name": "vpc-101",
                            "project": "client-gcp",
                            "routing_mode": "REGIONAL",
                            "self_link": "https://www.googleapis.com/compute/v1/projects/client-gcp/global/networks/vpc-101"
                        },
                        "meta": {
                            "e2bfb730-ecaa-11e6-8f88-34363bc7c4c0": {
                                "create": 240000000000,
                                "delete": 240000000000,
                                "update": 240000000000
                            }
                        },
                        "tainted": false
                    },
                    "deposed": [],
                    "provider": "provider.google"
                },
                "google_compute_network.vpc_102": {
                    "type": "google_compute_network",
                    "depends_on": [],
                    "primary": {
                        "id": "vpc-102",
                        "attributes": {
                            "auto_create_subnetworks": "false",
                            "delete_default_routes_on_create": "false",
                            "description": "",
                            "gateway_ipv4": "",
                            "id": "vpc-102",
                            "ipv4_range": "",
                            "name": "vpc-102",
                            "project": "client-gcp",
                            "routing_mode": "REGIONAL",
                            "self_link": "https://www.googleapis.com/compute/v1/projects/client-gcp/global/networks/vpc-102"
                        },
                        "meta": {
                            "e2bfb730-ecaa-11e6-8f88-34363bc7c4c0": {
                                "create": 240000000000,
                                "delete": 240000000000,
                                "update": 240000000000
                            }
                        },
                        "tainted": false
                    },
                    "deposed": [],
                    "provider": "provider.google"
                },
                "google_compute_network.vpc_103": {
                    "type": "google_compute_network",
                    "depends_on": [],
                    "primary": {
                        "id": "vpc-103",
                        "attributes": {
                            "auto_create_subnetworks": "false",
                            "delete_default_routes_on_create": "false",
                            "description": "",
                            "gateway_ipv4": "",
                            "id": "vpc-103",
                            "ipv4_range": "",
                            "name": "vpc-103",
                            "project": "client-gcp",
                            "routing_mode": "REGIONAL",
                            "self_link": "https://www.googleapis.com/compute/v1/projects/client-gcp/global/networks/vpc-103"
                        },
                        "meta": {
                            "e2bfb730-ecaa-11e6-8f88-34363bc7c4c0": {
                                "create": 240000000000,
                                "delete": 240000000000,
                                "update": 240000000000
                            }
                        },
                        "tainted": false
                    },
                    "deposed": [],
                    "provider": "provider.google"
                },
                "google_compute_route.kali_default": {
                    "type": "google_compute_route",
                    "depends_on": [
                        "google_compute_instance.vpc_103",
                        "google_compute_network.vpc_103"
                    ],
                    "primary": {
                        "id": "kali-default",
                        "attributes": {
                            "description": "",
                            "dest_range": "0.0.0.0/0",
                            "id": "kali-default",
                            "name": "kali-default",
                            "network": "https://www.googleapis.com/compute/v1/projects/client-gcp/global/networks/vpc-103",
                            "next_hop_gateway": "",
                            "next_hop_instance": "",
                            "next_hop_ip": "192.168.103.2",
                            "next_hop_network": "",
                            "next_hop_vpn_tunnel": "",
                            "priority": "500",
                            "project": "client-gcp",
                            "self_link": "https://www.googleapis.com/compute/v1/projects/client-gcp/global/routes/kali-default",
                            "tags.#": "1",
                            "tags.2035348318": "kali"
                        },
                        "meta": {
                            "e2bfb730-ecaa-11e6-8f88-34363bc7c4c0": {
                                "create": 240000000000,
                                "delete": 240000000000
                            }
                        },
                        "tainted": false
                    },
                    "deposed": [],
                    "provider": "provider.google"
                },
                "google_compute_route.vpc_101_default": {
                    "type": "google_compute_route",
                    "depends_on": [
                        "google_compute_instance.vpc_101",
                        "google_compute_network.vpc_101"
                    ],
                    "primary": {
                        "id": "vpc-101-default",
                        "attributes": {
                            "description": "",
                            "dest_range": "0.0.0.0/0",
                            "id": "vpc-101-default",
                            "name": "vpc-101-default",
                            "network": "https://www.googleapis.com/compute/v1/projects/client-gcp/global/networks/vpc-101",
                            "next_hop_gateway": "",
                            "next_hop_instance": "",
                            "next_hop_ip": "192.168.101.3",
                            "next_hop_network": "",
                            "next_hop_vpn_tunnel": "",
                            "priority": "500",
                            "project": "client-gcp",
                            "self_link": "https://www.googleapis.com/compute/v1/projects/client-gcp/global/routes/vpc-101-default",
                            "tags.#": "1",
                            "tags.1049895645": "vnet101"
                        },
                        "meta": {
                            "e2bfb730-ecaa-11e6-8f88-34363bc7c4c0": {
                                "create": 240000000000,
                                "delete": 240000000000
                            }
                        },
                        "tainted": false
                    },
                    "deposed": [],
                    "provider": "provider.google"
                },
                "google_compute_route.vpc_102__default": {
                    "type": "google_compute_route",
                    "depends_on": [
                        "google_compute_instance.vpc_102",
                        "google_compute_network.vpc_102"
                    ],
                    "primary": {
                        "id": "vpc-102-default",
                        "attributes": {
                            "description": "",
                            "dest_range": "0.0.0.0/0",
                            "id": "vpc-102-default",
                            "name": "vpc-102-default",
                            "network": "https://www.googleapis.com/compute/v1/projects/client-gcp/global/networks/vpc-102",
                            "next_hop_gateway": "",
                            "next_hop_instance": "",
                            "next_hop_ip": "192.168.102.2",
                            "next_hop_network": "",
                            "next_hop_vpn_tunnel": "",
                            "priority": "500",
                            "project": "client-gcp",
                            "self_link": "https://www.googleapis.com/compute/v1/projects/client-gcp/global/routes/vpc-102-default",
                            "tags.#": "0"
                        },
                        "meta": {
                            "e2bfb730-ecaa-11e6-8f88-34363bc7c4c0": {
                                "create": 240000000000,
                                "delete": 240000000000
                            }
                        },
                        "tainted": false
                    },
                    "deposed": [],
                    "provider": "provider.google"
                },
                "google_compute_subnetwork.net_101": {
                    "type": "google_compute_subnetwork",
                    "depends_on": [
                        "google_compute_network.vpc_101"
                    ],
                    "primary": {
                        "id": "us-central1/net-101",
                        "attributes": {
                            "creation_timestamp": "2019-06-24T11:55:33.651-07:00",
                            "description": "",
                            "enable_flow_logs": "false",
                            "fingerprint": "bM2o7kKK9xo=",
                            "gateway_address": "192.168.101.1",
                            "id": "us-central1/net-101",
                            "ip_cidr_range": "192.168.101.0/24",
                            "name": "net-101",
                            "network": "https://www.googleapis.com/compute/v1/projects/client-gcp/global/networks/vpc-101",
                            "private_ip_google_access": "false",
                            "project": "client-gcp",
                            "region": "us-central1",
                            "secondary_ip_range.#": "0",
                            "self_link": "https://www.googleapis.com/compute/v1/projects/client-gcp/regions/us-central1/subnetworks/net-101"
                        },
                        "meta": {
                            "e2bfb730-ecaa-11e6-8f88-34363bc7c4c0": {
                                "create": 360000000000,
                                "delete": 360000000000,
                                "update": 360000000000
                            }
                        },
                        "tainted": false
                    },
                    "deposed": [],
                    "provider": "provider.google"
                },
                "google_compute_subnetwork.net_102": {
                    "type": "google_compute_subnetwork",
                    "depends_on": [
                        "google_compute_network.vpc_102"
                    ],
                    "primary": {
                        "id": "us-central1/net-102",
                        "attributes": {
                            "creation_timestamp": "2019-06-24T11:55:33.750-07:00",
                            "description": "",
                            "enable_flow_logs": "false",
                            "fingerprint": "KuCL8oSLlg8=",
                            "gateway_address": "192.168.102.1",
                            "id": "us-central1/net-102",
                            "ip_cidr_range": "192.168.102.0/24",
                            "name": "net-102",
                            "network": "https://www.googleapis.com/compute/v1/projects/client-gcp/global/networks/vpc-102",
                            "private_ip_google_access": "false",
                            "project": "client-gcp",
                            "region": "us-central1",
                            "secondary_ip_range.#": "0",
                            "self_link": "https://www.googleapis.com/compute/v1/projects/client-gcp/regions/us-central1/subnetworks/net-102"
                        },
                        "meta": {
                            "e2bfb730-ecaa-11e6-8f88-34363bc7c4c0": {
                                "create": 360000000000,
                                "delete": 360000000000,
                                "update": 360000000000
                            }
                        },
                        "tainted": false
                    },
                    "deposed": [],
                    "provider": "provider.google"
                },
                "google_compute_subnetwork.net_103": {
                    "type": "google_compute_subnetwork",
                    "depends_on": [
                        "google_compute_network.vpc_103"
                    ],
                    "primary": {
                        "id": "us-central1/net-103",
                        "attributes": {
                            "creation_timestamp": "2019-06-24T11:55:33.751-07:00",
                            "description": "",
                            "enable_flow_logs": "false",
                            "fingerprint": "98jETBVl1nE=",
                            "gateway_address": "192.168.103.1",
                            "id": "us-central1/net-103",
                            "ip_cidr_range": "192.168.103.0/24",
                            "name": "net-103",
                            "network": "https://www.googleapis.com/compute/v1/projects/client-gcp/global/networks/vpc-103",
                            "private_ip_google_access": "false",
                            "project": "client-gcp",
                            "region": "us-central1",
                            "secondary_ip_range.#": "0",
                            "self_link": "https://www.googleapis.com/compute/v1/projects/client-gcp/regions/us-central1/subnetworks/net-103"
                        },
                        "meta": {
                            "e2bfb730-ecaa-11e6-8f88-34363bc7c4c0": {
                                "create": 360000000000,
                                "delete": 360000000000,
                                "update": 360000000000
                            }
                        },
                        "tainted": false
                    },
                    "deposed": [],
                    "provider": "provider.google"
                }
            },
            "depends_on": []
        }
    ]
}
